
Microsoft Visual Studio Solution File, Format Version 12.00
# Visual Studio Version 17
VisualStudioVersion = 17.2.32408.312
MinimumVisualStudioVersion = 10.0.40219.1
Project("{9A19103F-16F7-4668-BE54-9A1E7A4F7556}") = "auth", "auth\src\auth.csproj", "{EEB562C6-261B-4066-BD20-90112EB41C6A}"
EndProject
Project("{9A19103F-16F7-4668-BE54-9A1E7A4F7556}") = "auth_tests", "auth\tests\auth_tests\auth_tests.csproj", "{F00FFF68-7628-433C-BD31-A9B859135479}"
EndProject
Project("{2150E333-8FDC-42A3-9474-1A3956D46DE8}") = "libs", "libs", "{1CE0A43A-2F1C-426F-9FB4-38680AA0038D}"
EndProject
Project("{2150E333-8FDC-42A3-9474-1A3956D46DE8}") = "notifier", "notifier", "{A991A24F-EC35-411C-983E-F012168451C4}"
EndProject
Project("{9A19103F-16F7-4668-BE54-9A1E7A4F7556}") = "contact_test", "notifier\contact\tests\contact_test.csproj", "{71844677-B051-4E45-8DB7-7E1707AA5F78}"
EndProject
Project("{9A19103F-16F7-4668-BE54-9A1E7A4F7556}") = "notify", "notifier\notify\src\notify.csproj", "{1779D4E3-CD3D-4855-8B59-95C263DB5E86}"
EndProject
Project("{9A19103F-16F7-4668-BE54-9A1E7A4F7556}") = "notify_tests", "notifier\notify\tests\notify_tests.csproj", "{AA8C52B2-F643-4F7C-85A6-A27FE80C2AD8}"
EndProject
Project("{9A19103F-16F7-4668-BE54-9A1E7A4F7556}") = "Sms", "notifier\libs\SMS\src\Sms.csproj", "{4C63CC65-6CFC-401C-B5FC-057BF4841497}"
EndProject
Project("{9A19103F-16F7-4668-BE54-9A1E7A4F7556}") = "Mail", "notifier\libs\MAIL\src\Mail.csproj", "{74FA340A-1A1F-43BF-B151-5EBA912C0220}"
EndProject
Project("{9A19103F-16F7-4668-BE54-9A1E7A4F7556}") = "mail_tests", "notifier\libs\MAIL\tests\mail_tests.csproj", "{D4DB2616-39EF-487F-B5D6-79B7BB4CB517}"
EndProject
Project("{9A19103F-16F7-4668-BE54-9A1E7A4F7556}") = "sms_tests", "notifier\libs\SMS\tests\sms_tests.csproj", "{6CD84C7D-0F74-4BA3-BC27-FA844F8A5DCC}"
EndProject
Project("{FAE04EC0-301F-11D3-BF4B-00C04F79EFBC}") = "contacts", "notifier\contact\src\contacts.csproj", "{ECE79695-2027-41B4-992F-4B1A6520FEEA}"
EndProject
Global
	GlobalSection(SolutionConfigurationPlatforms) = preSolution
		Debug|Any CPU = Debug|Any CPU
		Release|Any CPU = Release|Any CPU
	EndGlobalSection
	GlobalSection(ProjectConfigurationPlatforms) = postSolution
		{EEB562C6-261B-4066-BD20-90112EB41C6A}.Debug|Any CPU.ActiveCfg = Debug|Any CPU
		{EEB562C6-261B-4066-BD20-90112EB41C6A}.Debug|Any CPU.Build.0 = Debug|Any CPU
		{EEB562C6-261B-4066-BD20-90112EB41C6A}.Release|Any CPU.ActiveCfg = Release|Any CPU
		{EEB562C6-261B-4066-BD20-90112EB41C6A}.Release|Any CPU.Build.0 = Release|Any CPU
		{F00FFF68-7628-433C-BD31-A9B859135479}.Debug|Any CPU.ActiveCfg = Debug|Any CPU
		{F00FFF68-7628-433C-BD31-A9B859135479}.Debug|Any CPU.Build.0 = Debug|Any CPU
		{F00FFF68-7628-433C-BD31-A9B859135479}.Release|Any CPU.ActiveCfg = Release|Any CPU
		{F00FFF68-7628-433C-BD31-A9B859135479}.Release|Any CPU.Build.0 = Release|Any CPU
		{71844677-B051-4E45-8DB7-7E1707AA5F78}.Debug|Any CPU.ActiveCfg = Debug|Any CPU
		{71844677-B051-4E45-8DB7-7E1707AA5F78}.Debug|Any CPU.Build.0 = Debug|Any CPU
		{71844677-B051-4E45-8DB7-7E1707AA5F78}.Release|Any CPU.ActiveCfg = Release|Any CPU
		{71844677-B051-4E45-8DB7-7E1707AA5F78}.Release|Any CPU.Build.0 = Release|Any CPU
		{1779D4E3-CD3D-4855-8B59-95C263DB5E86}.Debug|Any CPU.ActiveCfg = Debug|Any CPU
		{1779D4E3-CD3D-4855-8B59-95C263DB5E86}.Debug|Any CPU.Build.0 = Debug|Any CPU
		{1779D4E3-CD3D-4855-8B59-95C263DB5E86}.Release|Any CPU.ActiveCfg = Release|Any CPU
		{1779D4E3-CD3D-4855-8B59-95C263DB5E86}.Release|Any CPU.Build.0 = Release|Any CPU
		{AA8C52B2-F643-4F7C-85A6-A27FE80C2AD8}.Debug|Any CPU.ActiveCfg = Debug|Any CPU
		{AA8C52B2-F643-4F7C-85A6-A27FE80C2AD8}.Debug|Any CPU.Build.0 = Debug|Any CPU
		{AA8C52B2-F643-4F7C-85A6-A27FE80C2AD8}.Release|Any CPU.ActiveCfg = Release|Any CPU
		{AA8C52B2-F643-4F7C-85A6-A27FE80C2AD8}.Release|Any CPU.Build.0 = Release|Any CPU
		{4C63CC65-6CFC-401C-B5FC-057BF4841497}.Debug|Any CPU.ActiveCfg = Debug|Any CPU
		{4C63CC65-6CFC-401C-B5FC-057BF4841497}.Debug|Any CPU.Build.0 = Debug|Any CPU
		{4C63CC65-6CFC-401C-B5FC-057BF4841497}.Release|Any CPU.ActiveCfg = Release|Any CPU
		{4C63CC65-6CFC-401C-B5FC-057BF4841497}.Release|Any CPU.Build.0 = Release|Any CPU
		{74FA340A-1A1F-43BF-B151-5EBA912C0220}.Debug|Any CPU.ActiveCfg = Debug|Any CPU
		{74FA340A-1A1F-43BF-B151-5EBA912C0220}.Debug|Any CPU.Build.0 = Debug|Any CPU
		{74FA340A-1A1F-43BF-B151-5EBA912C0220}.Release|Any CPU.ActiveCfg = Release|Any CPU
		{74FA340A-1A1F-43BF-B151-5EBA912C0220}.Release|Any CPU.Build.0 = Release|Any CPU
		{D4DB2616-39EF-487F-B5D6-79B7BB4CB517}.Debug|Any CPU.ActiveCfg = Debug|Any CPU
		{D4DB2616-39EF-487F-B5D6-79B7BB4CB517}.Debug|Any CPU.Build.0 = Debug|Any CPU
		{D4DB2616-39EF-487F-B5D6-79B7BB4CB517}.Release|Any CPU.ActiveCfg = Release|Any CPU
		{D4DB2616-39EF-487F-B5D6-79B7BB4CB517}.Release|Any CPU.Build.0 = Release|Any CPU
		{6CD84C7D-0F74-4BA3-BC27-FA844F8A5DCC}.Debug|Any CPU.ActiveCfg = Debug|Any CPU
		{6CD84C7D-0F74-4BA3-BC27-FA844F8A5DCC}.Debug|Any CPU.Build.0 = Debug|Any CPU
		{6CD84C7D-0F74-4BA3-BC27-FA844F8A5DCC}.Release|Any CPU.ActiveCfg = Release|Any CPU
		{6CD84C7D-0F74-4BA3-BC27-FA844F8A5DCC}.Release|Any CPU.Build.0 = Release|Any CPU
		{ECE79695-2027-41B4-992F-4B1A6520FEEA}.Debug|Any CPU.ActiveCfg = Debug|Any CPU
		{ECE79695-2027-41B4-992F-4B1A6520FEEA}.Debug|Any CPU.Build.0 = Debug|Any CPU
		{ECE79695-2027-41B4-992F-4B1A6520FEEA}.Release|Any CPU.ActiveCfg = Release|Any CPU
		{ECE79695-2027-41B4-992F-4B1A6520FEEA}.Release|Any CPU.Build.0 = Release|Any CPU
	EndGlobalSection
	GlobalSection(SolutionProperties) = preSolution
		HideSolutionNode = FALSE
	EndGlobalSection
	GlobalSection(NestedProjects) = preSolution
		{71844677-B051-4E45-8DB7-7E1707AA5F78} = {A991A24F-EC35-411C-983E-F012168451C4}
		{1779D4E3-CD3D-4855-8B59-95C263DB5E86} = {A991A24F-EC35-411C-983E-F012168451C4}
		{AA8C52B2-F643-4F7C-85A6-A27FE80C2AD8} = {A991A24F-EC35-411C-983E-F012168451C4}
		{4C63CC65-6CFC-401C-B5FC-057BF4841497} = {1CE0A43A-2F1C-426F-9FB4-38680AA0038D}
		{74FA340A-1A1F-43BF-B151-5EBA912C0220} = {1CE0A43A-2F1C-426F-9FB4-38680AA0038D}
		{D4DB2616-39EF-487F-B5D6-79B7BB4CB517} = {1CE0A43A-2F1C-426F-9FB4-38680AA0038D}
		{6CD84C7D-0F74-4BA3-BC27-FA844F8A5DCC} = {1CE0A43A-2F1C-426F-9FB4-38680AA0038D}
		{ECE79695-2027-41B4-992F-4B1A6520FEEA} = {A991A24F-EC35-411C-983E-F012168451C4}
	EndGlobalSection
	GlobalSection(ExtensibilityGlobals) = postSolution
		SolutionGuid = {C9A3DEDA-5900-4599-848B-2EAC687D537F}
	EndGlobalSection
EndGlobal
